// !$*UTF8*$!
{
	archiveVersion = 1;
	classes = {
	};
	objectVersion = 46;
	objects = {

/* Begin PBXBuildFile section */
		1B474344192B5B390027ACDE /* Foundation.framework in Frameworks */ = {isa = PBXBuildFile; fileRef = 1B474343192B5B390027ACDE /* Foundation.framework */; };
		1B474346192B5B390027ACDE /* CoreGraphics.framework in Frameworks */ = {isa = PBXBuildFile; fileRef = 1B474345192B5B390027ACDE /* CoreGraphics.framework */; };
		1B474348192B5B390027ACDE /* UIKit.framework in Frameworks */ = {isa = PBXBuildFile; fileRef = 1B474347192B5B390027ACDE /* UIKit.framework */; };
		1B47434E192B5B390027ACDE /* InfoPlist.strings in Resources */ = {isa = PBXBuildFile; fileRef = 1B47434C192B5B390027ACDE /* InfoPlist.strings */; };
		1B474350192B5B390027ACDE /* main.m in Sources */ = {isa = PBXBuildFile; fileRef = 1B47434F192B5B390027ACDE /* main.m */; };
		1B474354192B5B390027ACDE /* AppDelegate.m in Sources */ = {isa = PBXBuildFile; fileRef = 1B474353192B5B390027ACDE /* AppDelegate.m */; };
		1B474357192B5B390027ACDE /* Main_iPhone.storyboard in Resources */ = {isa = PBXBuildFile; fileRef = 1B474355192B5B390027ACDE /* Main_iPhone.storyboard */; };
		1B47435A192B5B390027ACDE /* Main_iPad.storyboard in Resources */ = {isa = PBXBuildFile; fileRef = 1B474358192B5B390027ACDE /* Main_iPad.storyboard */; };
		1B47435D192B5B390027ACDE /* ViewController.m in Sources */ = {isa = PBXBuildFile; fileRef = 1B47435C192B5B390027ACDE /* ViewController.m */; };
		1B47435F192B5B390027ACDE /* Images.xcassets in Resources */ = {isa = PBXBuildFile; fileRef = 1B47435E192B5B390027ACDE /* Images.xcassets */; };
		1B474366192B5B390027ACDE /* XCTest.framework in Frameworks */ = {isa = PBXBuildFile; fileRef = 1B474365192B5B390027ACDE /* XCTest.framework */; };
		1B474367192B5B390027ACDE /* Foundation.framework in Frameworks */ = {isa = PBXBuildFile; fileRef = 1B474343192B5B390027ACDE /* Foundation.framework */; };
		1B474368192B5B390027ACDE /* UIKit.framework in Frameworks */ = {isa = PBXBuildFile; fileRef = 1B474347192B5B390027ACDE /* UIKit.framework */; };
		1B474370192B5B390027ACDE /* InfoPlist.strings in Resources */ = {isa = PBXBuildFile; fileRef = 1B47436E192B5B390027ACDE /* InfoPlist.strings */; };
		1B474372192B5B390027ACDE /* TestWithReadmeTests.m in Sources */ = {isa = PBXBuildFile; fileRef = 1B474371192B5B390027ACDE /* TestWithReadmeTests.m */; };
/* End PBXBuildFile section */

/* Begin PBXContainerItemProxy section */
		1B474369192B5B390027ACDE /* PBXContainerItemProxy */ = {
			isa = PBXContainerItemProxy;
			containerPortal = 1B474338192B5B390027ACDE /* Project object */;
			proxyType = 1;
			remoteGlobalIDString = 1B47433F192B5B390027ACDE;
			remoteInfo = TestWithReadme;
		};
/* End PBXContainerItemProxy section */

/* Begin PBXFileReference section */
		1B474340192B5B390027ACDE /* TestWithReadme.app */ = {isa = PBXFileReference; explicitFileType = wrapper.application; includeInIndex = 0; path = TestWithReadme.app; sourceTree = BUILT_PRODUCTS_DIR; };
		1B474343192B5B390027ACDE /* Foundation.framework */ = {isa = PBXFileReference; lastKnownFileType = wrapper.framework; name = Foundation.framework; path = System/Library/Frameworks/Foundation.framework; sourceTree = SDKROOT; };
		1B474345192B5B390027ACDE /* CoreGraphics.framework */ = {isa = PBXFileReference; lastKnownFileType = wrapper.framework; name = CoreGraphics.framework; path = System/Library/Frameworks/CoreGraphics.framework; sourceTree = SDKROOT; };
		1B474347192B5B390027ACDE /* UIKit.framework */ = {isa = PBXFileReference; lastKnownFileType = wrapper.framework; name = UIKit.framework; path = System/Library/Frameworks/UIKit.framework; sourceTree = SDKROOT; };
		1B47434B192B5B390027ACDE /* TestWithReadme-Info.plist */ = {isa = PBXFileReference; lastKnownFileType = text.plist.xml; path = "TestWithReadme-Info.plist"; sourceTree = "<group>"; };
		1B47434D192B5B390027ACDE /* en */ = {isa = PBXFileReference; lastKnownFileType = text.plist.strings; name = en; path = en.lproj/InfoPlist.strings; sourceTree = "<group>"; };
		1B47434F192B5B390027ACDE /* main.m */ = {isa = PBXFileReference; lastKnownFileType = sourcecode.c.objc; path = main.m; sourceTree = "<group>"; };
		1B474351192B5B390027ACDE /* TestWithReadme-Prefix.pch */ = {isa = PBXFileReference; lastKnownFileType = sourcecode.c.h; path = "TestWithReadme-Prefix.pch"; sourceTree = "<group>"; };
		1B474352192B5B390027ACDE /* AppDelegate.h */ = {isa = PBXFileReference; lastKnownFileType = sourcecode.c.h; path = AppDelegate.h; sourceTree = "<group>"; };
		1B474353192B5B390027ACDE /* AppDelegate.m */ = {isa = PBXFileReference; lastKnownFileType = sourcecode.c.objc; path = AppDelegate.m; sourceTree = "<group>"; };
		1B474356192B5B390027ACDE /* Base */ = {isa = PBXFileReference; lastKnownFileType = file.storyboard; name = Base; path = Base.lproj/Main_iPhone.storyboard; sourceTree = "<group>"; };
		1B474359192B5B390027ACDE /* Base */ = {isa = PBXFileReference; lastKnownFileType = file.storyboard; name = Base; path = Base.lproj/Main_iPad.storyboard; sourceTree = "<group>"; };
		1B47435B192B5B390027ACDE /* ViewController.h */ = {isa = PBXFileReference; lastKnownFileType = sourcecode.c.h; path = ViewController.h; sourceTree = "<group>"; };
		1B47435C192B5B390027ACDE /* ViewController.m */ = {isa = PBXFileReference; lastKnownFileType = sourcecode.c.objc; path = ViewController.m; sourceTree = "<group>"; };
		1B47435E192B5B390027ACDE /* Images.xcassets */ = {isa = PBXFileReference; lastKnownFileType = folder.assetcatalog; path = Images.xcassets; sourceTree = "<group>"; };
		1B474364192B5B390027ACDE /* TestWithReadmeTests.xctest */ = {isa = PBXFileReference; explicitFileType = wrapper.cfbundle; includeInIndex = 0; path = TestWithReadmeTests.xctest; sourceTree = BUILT_PRODUCTS_DIR; };
		1B474365192B5B390027ACDE /* XCTest.framework */ = {isa = PBXFileReference; lastKnownFileType = wrapper.framework; name = XCTest.framework; path = Library/Frameworks/XCTest.framework; sourceTree = DEVELOPER_DIR; };
		1B47436D192B5B390027ACDE /* TestWithReadmeTests-Info.plist */ = {isa = PBXFileReference; lastKnownFileType = text.plist.xml; path = "TestWithReadmeTests-Info.plist"; sourceTree = "<group>"; };
		1B47436F192B5B390027ACDE /* en */ = {isa = PBXFileReference; lastKnownFileType = text.plist.strings; name = en; path = en.lproj/InfoPlist.strings; sourceTree = "<group>"; };
		1B474371192B5B390027ACDE /* TestWithReadmeTests.m */ = {isa = PBXFileReference; lastKnownFileType = sourcecode.c.objc; path = TestWithReadmeTests.m; sourceTree = "<group>"; };
/* End PBXFileReference section */

/* Begin PBXFrameworksBuildPhase section */
		1B47433D192B5B390027ACDE /* Frameworks */ = {
			isa = PBXFrameworksBuildPhase;
			buildActionMask = 2147483647;
			files = (
				1B474346192B5B390027ACDE /* CoreGraphics.framework in Frameworks */,
				1B474348192B5B390027ACDE /* UIKit.framework in Frameworks */,
				1B474344192B5B390027ACDE /* Foundation.framework in Frameworks */,
			);
			runOnlyForDeploymentPostprocessing = 0;
		};
		1B474361192B5B390027ACDE /* Frameworks */ = {
			isa = PBXFrameworksBuildPhase;
			buildActionMask = 2147483647;
			files = (
				1B474366192B5B390027ACDE /* XCTest.framework in Frameworks */,
				1B474368192B5B390027ACDE /* UIKit.framework in Frameworks */,
				1B474367192B5B390027ACDE /* Foundation.framework in Frameworks */,
			);
			runOnlyForDeploymentPostprocessing = 0;
		};
/* End PBXFrameworksBuildPhase section */

/* Begin PBXGroup section */
		1B474337192B5B390027ACDE = {
			isa = PBXGroup;
			children = (
				1B474349192B5B390027ACDE /* TestWithReadme */,
				1B47436B192B5B390027ACDE /* TestWithReadmeTests */,
				1B474342192B5B390027ACDE /* Frameworks */,
				1B474341192B5B390027ACDE /* Products */,
			);
			sourceTree = "<group>";
		};
		1B474341192B5B390027ACDE /* Products */ = {
			isa = PBXGroup;
			children = (
				1B474340192B5B390027ACDE /* TestWithReadme.app */,
				1B474364192B5B390027ACDE /* TestWithReadmeTests.xctest */,
			);
			name = Products;
			sourceTree = "<group>";
		};
		1B474342192B5B390027ACDE /* Frameworks */ = {
			isa = PBXGroup;
			children = (
				1B474343192B5B390027ACDE /* Foundation.framework */,
				1B474345192B5B390027ACDE /* CoreGraphics.framework */,
				1B474347192B5B390027ACDE /* UIKit.framework */,
				1B474365192B5B390027ACDE /* XCTest.framework */,
			);
			name = Frameworks;
			sourceTree = "<group>";
		};
		1B474349192B5B390027ACDE /* TestWithReadme */ = {
			isa = PBXGroup;
			children = (
				1B474352192B5B390027ACDE /* AppDelegate.h */,
				1B474353192B5B390027ACDE /* AppDelegate.m */,
				1B474355192B5B390027ACDE /* Main_iPhone.storyboard */,
				1B474358192B5B390027ACDE /* Main_iPad.storyboard */,
				1B47435B192B5B390027ACDE /* ViewController.h */,
				1B47435C192B5B390027ACDE /* ViewController.m */,
				1B47435E192B5B390027ACDE /* Images.xcassets */,
				1B47434A192B5B390027ACDE /* Supporting Files */,
			);
			path = TestWithReadme;
			sourceTree = "<group>";
		};
		1B47434A192B5B390027ACDE /* Supporting Files */ = {
			isa = PBXGroup;
			children = (
				1B47434B192B5B390027ACDE /* TestWithReadme-Info.plist */,
				1B47434C192B5B390027ACDE /* InfoPlist.strings */,
				1B47434F192B5B390027ACDE /* main.m */,
				1B474351192B5B390027ACDE /* TestWithReadme-Prefix.pch */,
			);
			name = "Supporting Files";
			sourceTree = "<group>";
		};
		1B47436B192B5B390027ACDE /* TestWithReadmeTests */ = {
			isa = PBXGroup;
			children = (
				1B474371192B5B390027ACDE /* TestWithReadmeTests.m */,
				1B47436C192B5B390027ACDE /* Supporting Files */,
			);
			path = TestWithReadmeTests;
			sourceTree = "<group>";
		};
		1B47436C192B5B390027ACDE /* Supporting Files */ = {
			isa = PBXGroup;
			children = (
				1B47436D192B5B390027ACDE /* TestWithReadmeTests-Info.plist */,
				1B47436E192B5B390027ACDE /* InfoPlist.strings */,
			);
			name = "Supporting Files";
			sourceTree = "<group>";
		};
/* End PBXGroup section */

/* Begin PBXNativeTarget section */
		1B47433F192B5B390027ACDE /* TestWithReadme */ = {
			isa = PBXNativeTarget;
			buildConfigurationList = 1B474375192B5B390027ACDE /* Build configuration list for PBXNativeTarget "TestWithReadme" */;
			buildPhases = (
				1B47433C192B5B390027ACDE /* Sources */,
				1B47433D192B5B390027ACDE /* Frameworks */,
				1B47433E192B5B390027ACDE /* Resources */,
			);
			buildRules = (
			);
			dependencies = (
			);
			name = TestWithReadme;
			productName = TestWithReadme;
			productReference = 1B474340192B5B390027ACDE /* TestWithReadme.app */;
			productType = "com.apple.product-type.application";
		};
		1B474363192B5B390027ACDE /* TestWithReadmeTests */ = {
			isa = PBXNativeTarget;
			buildConfigurationList = 1B474378192B5B390027ACDE /* Build configuration list for PBXNativeTarget "TestWithReadmeTests" */;
			buildPhases = (
				1B474360192B5B390027ACDE /* Sources */,
				1B474361192B5B390027ACDE /* Frameworks */,
				1B474362192B5B390027ACDE /* Resources */,
			);
			buildRules = (
			);
			dependencies = (
				1B47436A192B5B390027ACDE /* PBXTargetDependency */,
			);
			name = TestWithReadmeTests;
			productName = TestWithReadmeTests;
			productReference = 1B474364192B5B390027ACDE /* TestWithReadmeTests.xctest */;
			productType = "com.apple.product-type.bundle.unit-test";
		};
/* End PBXNativeTarget section */

/* Begin PBXProject section */
		1B474338192B5B390027ACDE /* Project object */ = {
			isa = PBXProject;
			attributes = {
				LastUpgradeCheck = 0510;
				ORGANIZATIONNAME = YASH;
				TargetAttributes = {
					1B474363192B5B390027ACDE = {
						TestTargetID = 1B47433F192B5B390027ACDE;
					};
				};
			};
			buildConfigurationList = 1B47433B192B5B390027ACDE /* Build configuration list for PBXProject "TestWithReadme" */;
			compatibilityVersion = "Xcode 3.2";
			developmentRegion = English;
			hasScannedForEncodings = 0;
			knownRegions = (
				en,
				Base,
			);
			mainGroup = 1B474337192B5B390027ACDE;
			productRefGroup = 1B474341192B5B390027ACDE /* Products */;
			projectDirPath = "";
			projectRoot = "";
			targets = (
				1B47433F192B5B390027ACDE /* TestWithReadme */,
				1B474363192B5B390027ACDE /* TestWithReadmeTests */,
			);
		};
/* End PBXProject section */

/* Begin PBXResourcesBuildPhase section */
		1B47433E192B5B390027ACDE /* Resources */ = {
			isa = PBXResourcesBuildPhase;
			buildActionMask = 2147483647;
			files = (
				1B47435A192B5B390027ACDE /* Main_iPad.storyboard in Resources */,
				1B47435F192B5B390027ACDE /* Images.xcassets in Resources */,
				1B474357192B5B390027ACDE /* Main_iPhone.storyboard in Resources */,
				1B47434E192B5B390027ACDE /* InfoPlist.strings in Resources */,
			);
			runOnlyForDeploymentPostprocessing = 0;
		};
		1B474362192B5B390027ACDE /* Resources */ = {
			isa = PBXResourcesBuildPhase;
			buildActionMask = 2147483647;
			files = (
				1B474370192B5B390027ACDE /* InfoPlist.strings in Resources */,
			);
			runOnlyForDeploymentPostprocessing = 0;
		};
/* End PBXResourcesBuildPhase section */

/* Begin PBXSourcesBuildPhase section */
		1B47433C192B5B390027ACDE /* Sources */ = {
			isa = PBXSourcesBuildPhase;
			buildActionMask = 2147483647;
			files = (
				1B47435D192B5B390027ACDE /* ViewController.m in Sources */,
				1B474354192B5B390027ACDE /* AppDelegate.m in Sources */,
				1B474350192B5B390027ACDE /* main.m in Sources */,
			);
			runOnlyForDeploymentPostprocessing = 0;
		};
		1B474360192B5B390027ACDE /* Sources */ = {
			isa = PBXSourcesBuildPhase;
			buildActionMask = 2147483647;
			files = (
				1B474372192B5B390027ACDE /* TestWithReadmeTests.m in Sources */,
			);
			runOnlyForDeploymentPostprocessing = 0;
		};
/* End PBXSourcesBuildPhase section */

/* Begin PBXTargetDependency section */
		1B47436A192B5B390027ACDE /* PBXTargetDependency */ = {
			isa = PBXTargetDependency;
			target = 1B47433F192B5B390027ACDE /* TestWithReadme */;
			targetProxy = 1B474369192B5B390027ACDE /* PBXContainerItemProxy */;
		};
/* End PBXTargetDependency section */

/* Begin PBXVariantGroup section */
		1B47434C192B5B390027ACDE /* InfoPlist.strings */ = {
			isa = PBXVariantGroup;
			children = (
				1B47434D192B5B390027ACDE /* en */,
			);
			name = InfoPlist.strings;
			sourceTree = "<group>";
		};
		1B474355192B5B390027ACDE /* Main_iPhone.storyboard */ = {
			isa = PBXVariantGroup;
			children = (
				1B474356192B5B390027ACDE /* Base */,
			);
			name = Main_iPhone.storyboard;
			sourceTree = "<group>";
		};
		1B474358192B5B390027ACDE /* Main_iPad.storyboard */ = {
			isa = PBXVariantGroup;
			children = (
				1B474359192B5B390027ACDE /* Base */,
			);
			name = Main_iPad.storyboard;
			sourceTree = "<group>";
		};
		1B47436E192B5B390027ACDE /* InfoPlist.strings */ = {
			isa = PBXVariantGroup;
			children = (
				1B47436F192B5B390027ACDE /* en */,
			);
			name = InfoPlist.strings;
			sourceTree = "<group>";
		};
/* End PBXVariantGroup section */

/* Begin XCBuildConfiguration section */
		1B474373192B5B390027ACDE /* Debug */ = {
			isa = XCBuildConfiguration;
			buildSettings = {
				ALWAYS_SEARCH_USER_PATHS = NO;
				CLANG_CXX_LANGUAGE_STANDARD = "gnu++0x";
				CLANG_CXX_LIBRARY = "libc++";
				CLANG_ENABLE_MODULES = YES;
				CLANG_ENABLE_OBJC_ARC = YES;
				CLANG_WARN_BOOL_CONVERSION = YES;
				CLANG_WARN_CONSTANT_CONVERSION = YES;
				CLANG_WARN_DIRECT_OBJC_ISA_USAGE = YES_ERROR;
				CLANG_WARN_EMPTY_BODY = YES;
				CLANG_WARN_ENUM_CONVERSION = YES;
				CLANG_WARN_INT_CONVERSION = YES;
				CLANG_WARN_OBJC_ROOT_CLASS = YES_ERROR;
				CLANG_WARN__DUPLICATE_METHOD_MATCH = YES;
				"CODE_SIGN_IDENTITY[sdk=iphoneos*]" = "iPhone Developer";
				COPY_PHASE_STRIP = NO;
				GCC_C_LANGUAGE_STANDARD = gnu99;
				GCC_DYNAMIC_NO_PIC = NO;
				GCC_OPTIMIZATION_LEVEL = 0;
				GCC_PREPROCESSOR_DEFINITIONS = (
					"DEBUG=1",
					"$(inherited)",
				);
				GCC_SYMBOLS_PRIVATE_EXTERN = NO;
				GCC_WARN_64_TO_32_BIT_CONVERSION = YES;
				GCC_WARN_ABOUT_RETURN_TYPE = YES_ERROR;
				GCC_WARN_UNDECLARED_SELECTOR = YES;
				GCC_WARN_UNINITIALIZED_AUTOS = YES_AGGRESSIVE;
				GCC_WARN_UNUSED_FUNCTION = YES;
				GCC_WARN_UNUSED_VARIABLE = YES;
				IPHONEOS_DEPLOYMENT_TARGET = 7.1;
				ONLY_ACTIVE_ARCH = YES;
				SDKROOT = iphoneos;
				TARGETED_DEVICE_FAMILY = "1,2";
			};
			name = Debug;
		};
		1B474374192B5B390027ACDE /* Release */ = {
			isa = XCBuildConfiguration;
			buildSettings = {
				ALWAYS_SEARCH_USER_PATHS = NO;
				CLANG_CXX_LANGUAGE_STANDARD = "gnu++0x";
				CLANG_CXX_LIBRARY = "libc++";
				CLANG_ENABLE_MODULES = YES;
				CLANG_ENABLE_OBJC_ARC = YES;
				CLANG_WARN_BOOL_CONVERSION = YES;
				CLANG_WARN_CONSTANT_CONVERSION = YES;
				CLANG_WARN_DIRECT_OBJC_ISA_USAGE = YES_ERROR;
				CLANG_WARN_EMPTY_BODY = YES;
				CLANG_WARN_ENUM_CONVERSION = YES;
				CLANG_WARN_INT_CONVERSION = YES;
				CLANG_WARN_OBJC_ROOT_CLASS = YES_ERROR;
				CLANG_WARN__DUPLICATE_METHOD_MATCH = YES;
				"CODE_SIGN_IDENTITY[sdk=iphoneos*]" = "iPhone Developer";
				COPY_PHASE_STRIP = YES;
				ENABLE_NS_ASSERTIONS = NO;
				GCC_C_LANGUAGE_STANDARD = gnu99;
				GCC_WARN_64_TO_32_BIT_CONVERSION = YES;
				GCC_WARN_ABOUT_RETURN_TYPE = YES_ERROR;
				GCC_WARN_UNDECLARED_SELECTOR = YES;
				GCC_WARN_UNINITIALIZED_AUTOS = YES_AGGRESSIVE;
				GCC_WARN_UNUSED_FUNCTION = YES;
				GCC_WARN_UNUSED_VARIABLE = YES;
				IPHONEOS_DEPLOYMENT_TARGET = 7.1;
				SDKROOT = iphoneos;
				TARGETED_DEVICE_FAMILY = "1,2";
				VALIDATE_PRODUCT = YES;
			};
			name = Release;
		};
		1B474376192B5B390027ACDE /* Debug */ = {
			isa = XCBuildConfiguration;
			buildSettings = {
				ASSETCATALOG_COMPILER_APPICON_NAME = AppIcon;
				ASSETCATALOG_COMPILER_LAUNCHIMAGE_NAME = LaunchImage;
				GCC_PRECOMPILE_PREFIX_HEADER = YES;
				GCC_PREFIX_HEADER = "TestWithReadme/TestWithReadme-Prefix.pch";
				INFOPLIST_FILE = "TestWithReadme/TestWithReadme-Info.plist";
				PRODUCT_NAME = "$(TARGET_NAME)";
				WRAPPER_EXTENSION = app;
			};
			name = Debug;
		};
		1B474377192B5B390027ACDE /* Release */ = {
			isa = XCBuildConfiguration;
			buildSettings = {
				ASSETCATALOG_COMPILER_APPICON_NAME = AppIcon;
				ASSETCATALOG_COMPILER_LAUNCHIMAGE_NAME = LaunchImage;
				GCC_PRECOMPILE_PREFIX_HEADER = YES;
				GCC_PREFIX_HEADER = "TestWithReadme/TestWithReadme-Prefix.pch";
				INFOPLIST_FILE = "TestWithReadme/TestWithReadme-Info.plist";
				PRODUCT_NAME = "$(TARGET_NAME)";
				WRAPPER_EXTENSION = app;
			};
			name = Release;
		};
		1B474379192B5B390027ACDE /* Debug */ = {
			isa = XCBuildConfiguration;
			buildSettings = {
				BUNDLE_LOADER = "$(BUILT_PRODUCTS_DIR)/TestWithReadme.app/TestWithReadme";
				FRAMEWORK_SEARCH_PATHS = (
					"$(SDKROOT)/Developer/Library/Frameworks",
					"$(inherited)",
					"$(DEVELOPER_FRAMEWORKS_DIR)",
				);
				GCC_PRECOMPILE_PREFIX_HEADER = YES;
				GCC_PREFIX_HEADER = "TestWithReadme/TestWithReadme-Prefix.pch";
				GCC_PREPROCESSOR_DEFINITIONS = (
					"DEBUG=1",
					"$(inherited)",
				);
				INFOPLIST_FILE = "TestWithReadmeTests/TestWithReadmeTests-Info.plist";
				PRODUCT_NAME = "$(TARGET_NAME)";
				TEST_HOST = "$(BUNDLE_LOADER)";
				WRAPPER_EXTENSION = xctest;
			};
			name = Debug;
		};
		1B47437A192B5B390027ACDE /* Release */ = {
			isa = XCBuildConfiguration;
			buildSettings = {
				BUNDLE_LOADER = "$(BUILT_PRODUCTS_DIR)/TestWithReadme.app/TestWithReadme";
				FRAMEWORK_SEARCH_PATHS = (
					"$(SDKROOT)/Developer/Library/Frameworks",
					"$(inherited)",
					"$(DEVELOPER_FRAMEWORKS_DIR)",
				);
				GCC_PRECOMPILE_PREFIX_HEADER = YES;
				GCC_PREFIX_HEADER = "TestWithReadme/TestWithReadme-Prefix.pch";
				INFOPLIST_FILE = "TestWithReadmeTests/TestWithReadmeTests-Info.plist";
				PRODUCT_NAME = "$(TARGET_NAME)";
				TEST_HOST = "$(BUNDLE_LOADER)";
				WRAPPER_EXTENSION = xctest;
			};
			name = Release;
		};
/* End XCBuildConfiguration section */

/* Begin XCConfigurationList section */
		1B47433B192B5B390027ACDE /* Build configuration list for PBXProject "TestWithReadme" */ = {
			isa = XCConfigurationList;
			buildConfigurations = (
				1B474373192B5B390027ACDE /* Debug */,
				1B474374192B5B390027ACDE /* Release */,
			);
			defaultConfigurationIsVisible = 0;
			defaultConfigurationName = Release;
		};
		1B474375192B5B390027ACDE /* Build configuration list for PBXNativeTarget "TestWithReadme" */ = {
			isa = XCConfigurationList;
			buildConfigurations = (
				1B474376192B5B390027ACDE /* Debug */,
				1B474377192B5B390027ACDE /* Release */,
			);
			defaultConfigurationIsVisible = 0;
		};
		1B474378192B5B390027ACDE /* Build configuration list for PBXNativeTarget "TestWithReadmeTests" */ = {
			isa = XCConfigurationList;
			buildConfigurations = (
				1B474379192B5B390027ACDE /* Debug */,
				1B47437A192B5B390027ACDE /* Release */,
			);
			defaultConfigurationIsVisible = 0;
		};
/* End XCConfigurationList section */
	};
	rootObject = 1B474338192B5B390027ACDE /* Project object */;
}
